// !$*UTF8*$!
{
	archiveVersion = 1;
	classes = {
	};
	objectVersion = 56;
	objects = {

/* Begin PBXBuildFile section */
		44DB5EAA2B2075C100AD3596 /* AppDelegate.swift in Sources */ = {isa = PBXBuildFile; fileRef = 44DB5EA92B2075C100AD3596 /* AppDelegate.swift */; };
		44DB5EAC2B2075C100AD3596 /* SceneDelegate.swift in Sources */ = {isa = PBXBuildFile; fileRef = 44DB5EAB2B2075C100AD3596 /* SceneDelegate.swift */; };
		44DB5EAE2B2075C100AD3596 /* ViewController.swift in Sources */ = {isa = PBXBuildFile; fileRef = 44DB5EAD2B2075C100AD3596 /* ViewController.swift */; };
		44DB5EB12B2075C100AD3596 /* Main.storyboard in Resources */ = {isa = PBXBuildFile; fileRef = 44DB5EAF2B2075C100AD3596 /* Main.storyboard */; };
		44DB5EB32B2075C200AD3596 /* Assets.xcassets in Resources */ = {isa = PBXBuildFile; fileRef = 44DB5EB22B2075C200AD3596 /* Assets.xcassets */; };
		44DB5EB62B2075C200AD3596 /* LaunchScreen.storyboard in Resources */ = {isa = PBXBuildFile; fileRef = 44DB5EB42B2075C200AD3596 /* LaunchScreen.storyboard */; };
		44DB5EBE2B20766E00AD3596 /* BaseTabBarController.swift in Sources */ = {isa = PBXBuildFile; fileRef = 44DB5EBD2B20766E00AD3596 /* BaseTabBarController.swift */; };
		44DB5EC02B20804000AD3596 /* AppsSearchController.swift in Sources */ = {isa = PBXBuildFile; fileRef = 44DB5EBF2B20804000AD3596 /* AppsSearchController.swift */; };
/* End PBXBuildFile section */

/* Begin PBXFileReference section */
		44DB5EA62B2075C100AD3596 /* Code Auto Layout.app */ = {isa = PBXFileReference; explicitFileType = wrapper.application; includeInIndex = 0; path = "Code Auto Layout.app"; sourceTree = BUILT_PRODUCTS_DIR; };
		44DB5EA92B2075C100AD3596 /* AppDelegate.swift */ = {isa = PBXFileReference; lastKnownFileType = sourcecode.swift; path = AppDelegate.swift; sourceTree = "<group>"; };
		44DB5EAB2B2075C100AD3596 /* SceneDelegate.swift */ = {isa = PBXFileReference; lastKnownFileType = sourcecode.swift; path = SceneDelegate.swift; sourceTree = "<group>"; };
		44DB5EAD2B2075C100AD3596 /* ViewController.swift */ = {isa = PBXFileReference; lastKnownFileType = sourcecode.swift; path = ViewController.swift; sourceTree = "<group>"; };
		44DB5EB02B2075C100AD3596 /* Base */ = {isa = PBXFileReference; lastKnownFileType = file.storyboard; name = Base; path = Base.lproj/Main.storyboard; sourceTree = "<group>"; };
		44DB5EB22B2075C200AD3596 /* Assets.xcassets */ = {isa = PBXFileReference; lastKnownFileType = folder.assetcatalog; path = Assets.xcassets; sourceTree = "<group>"; };
		44DB5EB52B2075C200AD3596 /* Base */ = {isa = PBXFileReference; lastKnownFileType = file.storyboard; name = Base; path = Base.lproj/LaunchScreen.storyboard; sourceTree = "<group>"; };
		44DB5EB72B2075C200AD3596 /* Info.plist */ = {isa = PBXFileReference; lastKnownFileType = text.plist.xml; path = Info.plist; sourceTree = "<group>"; };
		44DB5EBD2B20766E00AD3596 /* BaseTabBarController.swift */ = {isa = PBXFileReference; lastKnownFileType = sourcecode.swift; path = BaseTabBarController.swift; sourceTree = "<group>"; };
		44DB5EBF2B20804000AD3596 /* AppsSearchController.swift */ = {isa = PBXFileReference; lastKnownFileType = sourcecode.swift; path = AppsSearchController.swift; sourceTree = "<group>"; };
/* End PBXFileReference section */

/* Begin PBXFrameworksBuildPhase section */
		44DB5EA32B2075C100AD3596 /* Frameworks */ = {
			isa = PBXFrameworksBuildPhase;
			buildActionMask = 2147483647;
			files = (
			);
			runOnlyForDeploymentPostprocessing = 0;
		};
/* End PBXFrameworksBuildPhase section */

/* Begin PBXGroup section */
		44DB5E9D2B2075C100AD3596 = {
			isa = PBXGroup;
			children = (
				44DB5EBD2B20766E00AD3596 /* BaseTabBarController.swift */,
				44DB5EBF2B20804000AD3596 /* AppsSearchController.swift */,
				44DB5EA82B2075C100AD3596 /* Code Auto Layout */,
				44DB5EA72B2075C100AD3596 /* Products */,
			);
			sourceTree = "<group>";
		};
		44DB5EA72B2075C100AD3596 /* Products */ = {
			isa = PBXGroup;
			children = (
				44DB5EA62B2075C100AD3596 /* Code Auto Layout.app */,
			);
			name = Products;
			sourceTree = "<group>";
		};
		44DB5EA82B2075C100AD3596 /* Code Auto Layout */ = {
			isa = PBXGroup;
			children = (
				44DB5EA92B2075C100AD3596 /* AppDelegate.swift */,
				44DB5EAB2B2075C100AD3596 /* SceneDelegate.swift */,
				44DB5EAD2B2075C100AD3596 /* ViewController.swift */,
				44DB5EAF2B2075C100AD3596 /* Main.storyboard */,
				44DB5EB22B2075C200AD3596 /* Assets.xcassets */,
				44DB5EB42B2075C200AD3596 /* LaunchScreen.storyboard */,
				44DB5EB72B2075C200AD3596 /* Info.plist */,
			);
			path = "Code Auto Layout";
			sourceTree = "<group>";
		};
/* End PBXGroup section */

/* Begin PBXNativeTarget section */
		44DB5EA52B2075C100AD3596 /* Code Auto Layout */ = {
			isa = PBXNativeTarget;
			buildConfigurationList = 44DB5EBA2B2075C200AD3596 /* Build configuration list for PBXNativeTarget "Code Auto Layout" */;
			buildPhases = (
				44DB5EA22B2075C100AD3596 /* Sources */,
				44DB5EA32B2075C100AD3596 /* Frameworks */,
				44DB5EA42B2075C100AD3596 /* Resources */,
			);
			buildRules = (
			);
			dependencies = (
			);
			name = "Code Auto Layout";
			productName = "Code Auto Layout";
			productReference = 44DB5EA62B2075C100AD3596 /* Code Auto Layout.app */;
			productType = "com.apple.product-type.application";
		};
/* End PBXNativeTarget section */

/* Begin PBXProject section */
		44DB5E9E2B2075C100AD3596 /* Project object */ = {
			isa = PBXProject;
			attributes = {
				BuildIndependentTargetsInParallel = 1;
				LastSwiftUpdateCheck = 1430;
				LastUpgradeCheck = 1430;
				TargetAttributes = {
					44DB5EA52B2075C100AD3596 = {
						CreatedOnToolsVersion = 14.3.1;
					};
				};
			};
			buildConfigurationList = 44DB5EA12B2075C100AD3596 /* Build configuration list for PBXProject "Code Auto Layout" */;
			compatibilityVersion = "Xcode 14.0";
			developmentRegion = en;
			hasScannedForEncodings = 0;
			knownRegions = (
				en,
				Base,
			);
			mainGroup = 44DB5E9D2B2075C100AD3596;
			productRefGroup = 44DB5EA72B2075C100AD3596 /* Products */;
			projectDirPath = "";
			projectRoot = "";
			targets = (
				44DB5EA52B2075C100AD3596 /* Code Auto Layout */,
			);
		};
/* End PBXProject section */

/* Begin PBXResourcesBuildPhase section */
		44DB5EA42B2075C100AD3596 /* Resources */ = {
			isa = PBXResourcesBuildPhase;
			buildActionMask = 2147483647;
			files = (
				44DB5EB62B2075C200AD3596 /* LaunchScreen.storyboard in Resources */,
				44DB5EB32B2075C200AD3596 /* Assets.xcassets in Resources */,
				44DB5EB12B2075C100AD3596 /* Main.storyboard in Resources */,
			);
			runOnlyForDeploymentPostprocessing = 0;
		};
/* End PBXResourcesBuildPhase section */

/* Begin PBXSourcesBuildPhase section */
		44DB5EA22B2075C100AD3596 /* Sources */ = {
			isa = PBXSourcesBuildPhase;
			buildActionMask = 2147483647;
			files = (
				44DB5EBE2B20766E00AD3596 /* BaseTabBarController.swift in Sources */,
				44DB5EAE2B2075C100AD3596 /* ViewController.swift in Sources */,
				44DB5EAA2B2075C100AD3596 /* AppDelegate.swift in Sources */,
				44DB5EC02B20804000AD3596 /* AppsSearchController.swift in Sources */,
				44DB5EAC2B2075C100AD3596 /* SceneDelegate.swift in Sources */,
			);
			runOnlyForDeploymentPostprocessing = 0;
		};
/* End PBXSourcesBuildPhase section */

/* Begin PBXVariantGroup section */
		44DB5EAF2B2075C100AD3596 /* Main.storyboard */ = {
			isa = PBXVariantGroup;
			children = (
				44DB5EB02B2075C100AD3596 /* Base */,
			);
			name = Main.storyboard;
			sourceTree = "<group>";
		};
		44DB5EB42B2075C200AD3596 /* LaunchScreen.storyboard */ = {
			isa = PBXVariantGroup;
			children = (
				44DB5EB52B2075C200AD3596 /* Base */,
			);
			name = LaunchScreen.storyboard;
			sourceTree = "<group>";
		};
/* End PBXVariantGroup section */

/* Begin XCBuildConfiguration section */
		44DB5EB82B2075C200AD3596 /* Debug */ = {
			isa = XCBuildConfiguration;
			buildSettings = {
				ALWAYS_SEARCH_USER_PATHS = NO;
				CLANG_ANALYZER_NONNULL = YES;
				CLANG_ANALYZER_NUMBER_OBJECT_CONVERSION = YES_AGGRESSIVE;
				CLANG_CXX_LANGUAGE_STANDARD = "gnu++20";
				CLANG_ENABLE_MODULES = YES;
				CLANG_ENABLE_OBJC_ARC = YES;
				CLANG_ENABLE_OBJC_WEAK = YES;
				CLANG_WARN_BLOCK_CAPTURE_AUTORELEASING = YES;
				CLANG_WARN_BOOL_CONVERSION = YES;
				CLANG_WARN_COMMA = YES;
				CLANG_WARN_CONSTANT_CONVERSION = YES;
				CLANG_WARN_DEPRECATED_OBJC_IMPLEMENTATIONS = YES;
				CLANG_WARN_DIRECT_OBJC_ISA_USAGE = YES_ERROR;
				CLANG_WARN_DOCUMENTATION_COMMENTS = YES;
				CLANG_WARN_EMPTY_BODY = YES;
				CLANG_WARN_ENUM_CONVERSION = YES;
				CLANG_WARN_INFINITE_RECURSION = YES;
				CLANG_WARN_INT_CONVERSION = YES;
				CLANG_WARN_NON_LITERAL_NULL_CONVERSION = YES;
				CLANG_WARN_OBJC_IMPLICIT_RETAIN_SELF = YES;
				CLANG_WARN_OBJC_LITERAL_CONVERSION = YES;
				CLANG_WARN_OBJC_ROOT_CLASS = YES_ERROR;
				CLANG_WARN_QUOTED_INCLUDE_IN_FRAMEWORK_HEADER = YES;
				CLANG_WARN_RANGE_LOOP_ANALYSIS = YES;
				CLANG_WARN_STRICT_PROTOTYPES = YES;
				CLANG_WARN_SUSPICIOUS_MOVE = YES;
				CLANG_WARN_UNGUARDED_AVAILABILITY = YES_AGGRESSIVE;
				CLANG_WARN_UNREACHABLE_CODE = YES;
				CLANG_WARN__DUPLICATE_METHOD_MATCH = YES;
				COPY_PHASE_STRIP = NO;
				DEBUG_INFORMATION_FORMAT = dwarf;
				ENABLE_STRICT_OBJC_MSGSEND = YES;
				ENABLE_TESTABILITY = YES;
				GCC_C_LANGUAGE_STANDARD = gnu11;
				GCC_DYNAMIC_NO_PIC = NO;
				GCC_NO_COMMON_BLOCKS = YES;
				GCC_OPTIMIZATION_LEVEL = 0;
				GCC_PREPROCESSOR_DEFINITIONS = (
					"DEBUG=1",
					"$(inherited)",
				);
				GCC_WARN_64_TO_32_BIT_CONVERSION = YES;
				GCC_WARN_ABOUT_RETURN_TYPE = YES_ERROR;
				GCC_WARN_UNDECLARED_SELECTOR = YES;
				GCC_WARN_UNINITIALIZED_AUTOS = YES_AGGRESSIVE;
				GCC_WARN_UNUSED_FUNCTION = YES;
				GCC_WARN_UNUSED_VARIABLE = YES;
				IPHONEOS_DEPLOYMENT_TARGET = 16.4;
				MTL_ENABLE_DEBUG_INFO = INCLUDE_SOURCE;
				MTL_FAST_MATH = YES;
				ONLY_ACTIVE_ARCH = YES;
				SDKROOT = iphoneos;
				SWIFT_ACTIVE_COMPILATION_CONDITIONS = DEBUG;
				SWIFT_OPTIMIZATION_LEVEL = "-Onone";
			};
			name = Debug;
		};
		44DB5EB92B2075C200AD3596 /* Release */ = {
			isa = XCBuildConfiguration;
			buildSettings = {
				ALWAYS_SEARCH_USER_PATHS = NO;
				CLANG_ANALYZER_NONNULL = YES;
				CLANG_ANALYZER_NUMBER_OBJECT_CONVERSION = YES_AGGRESSIVE;
				CLANG_CXX_LANGUAGE_STANDARD = "gnu++20";
				CLANG_ENABLE_MODULES = YES;
				CLANG_ENABLE_OBJC_ARC = YES;
				CLANG_ENABLE_OBJC_WEAK = YES;
				CLANG_WARN_BLOCK_CAPTURE_AUTORELEASING = YES;
				CLANG_WARN_BOOL_CONVERSION = YES;
				CLANG_WARN_COMMA = YES;
				CLANG_WARN_CONSTANT_CONVERSION = YES;
				CLANG_WARN_DEPRECATED_OBJC_IMPLEMENTATIONS = YES;
				CLANG_WARN_DIRECT_OBJC_ISA_USAGE = YES_ERROR;
				CLANG_WARN_DOCUMENTATION_COMMENTS = YES;
				CLANG_WARN_EMPTY_BODY = YES;
				CLANG_WARN_ENUM_CONVERSION = YES;
				CLANG_WARN_INFINITE_RECURSION = YES;
				CLANG_WARN_INT_CONVERSION = YES;
				CLANG_WARN_NON_LITERAL_NULL_CONVERSION = YES;
				CLANG_WARN_OBJC_IMPLICIT_RETAIN_SELF = YES;
				CLANG_WARN_OBJC_LITERAL_CONVERSION = YES;
				CLANG_WARN_OBJC_ROOT_CLASS = YES_ERROR;
				CLANG_WARN_QUOTED_INCLUDE_IN_FRAMEWORK_HEADER = YES;
				CLANG_WARN_RANGE_LOOP_ANALYSIS = YES;
				CLANG_WARN_STRICT_PROTOTYPES = YES;
				CLANG_WARN_SUSPICIOUS_MOVE = YES;
				CLANG_WARN_UNGUARDED_AVAILABILITY = YES_AGGRESSIVE;
				CLANG_WARN_UNREACHABLE_CODE = YES;
				CLANG_WARN__DUPLICATE_METHOD_MATCH = YES;
				COPY_PHASE_STRIP = NO;
				DEBUG_INFORMATION_FORMAT = "dwarf-with-dsym";
				ENABLE_NS_ASSERTIONS = NO;
				ENABLE_STRICT_OBJC_MSGSEND = YES;
				GCC_C_LANGUAGE_STANDARD = gnu11;
				GCC_NO_COMMON_BLOCKS = YES;
				GCC_WARN_64_TO_32_BIT_CONVERSION = YES;
				GCC_WARN_ABOUT_RETURN_TYPE = YES_ERROR;
				GCC_WARN_UNDECLARED_SELECTOR = YES;
				GCC_WARN_UNINITIALIZED_AUTOS = YES_AGGRESSIVE;
				GCC_WARN_UNUSED_FUNCTION = YES;
				GCC_WARN_UNUSED_VARIABLE = YES;
				IPHONEOS_DEPLOYMENT_TARGET = 16.4;
				MTL_ENABLE_DEBUG_INFO = NO;
				MTL_FAST_MATH = YES;
				SDKROOT = iphoneos;
				SWIFT_COMPILATION_MODE = wholemodule;
				SWIFT_OPTIMIZATION_LEVEL = "-O";
				VALIDATE_PRODUCT = YES;
			};
			name = Release;
		};
		44DB5EBB2B2075C200AD3596 /* Debug */ = {
			isa = XCBuildConfiguration;
			buildSettings = {
				ASSETCATALOG_COMPILER_APPICON_NAME = AppIcon;
				ASSETCATALOG_COMPILER_GLOBAL_ACCENT_COLOR_NAME = AccentColor;
				CODE_SIGN_STYLE = Automatic;
				CURRENT_PROJECT_VERSION = 1;
				DEVELOPMENT_TEAM = S6GLZ5G87A;
				GENERATE_INFOPLIST_FILE = YES;
				INFOPLIST_FILE = "Code Auto Layout/Info.plist";
				INFOPLIST_KEY_UIApplicationSupportsIndirectInputEvents = YES;
				INFOPLIST_KEY_UILaunchStoryboardName = LaunchScreen;
				INFOPLIST_KEY_UIMainStoryboardFile = Main;
				INFOPLIST_KEY_UISupportedInterfaceOrientations_iPad = "UIInterfaceOrientationPortrait UIInterfaceOrientationPortraitUpsideDown UIInterfaceOrientationLandscapeLeft UIInterfaceOrientationLandscapeRight";
				INFOPLIST_KEY_UISupportedInterfaceOrientations_iPhone = "UIInterfaceOrientationPortrait UIInterfaceOrientationLandscapeLeft UIInterfaceOrientationLandscapeRight";
				LD_RUNPATH_SEARCH_PATHS = (
					"$(inherited)",
					"@executable_path/Frameworks",
				);
				MARKETING_VERSION = 1.0;
				PRODUCT_BUNDLE_IDENTIFIER = "com.gino.Code-Auto-Layout";
				PRODUCT_NAME = "$(TARGET_NAME)";
				SWIFT_EMIT_LOC_STRINGS = YES;
				SWIFT_VERSION = 5.0;
				TARGETED_DEVICE_FAMILY = "1,2";
			};
			name = Debug;
		};
		44DB5EBC2B2075C200AD3596 /* Release */ = {
			isa = XCBuildConfiguration;
			buildSettings = {
				ASSETCATALOG_COMPILER_APPICON_NAME = AppIcon;
				ASSETCATALOG_COMPILER_GLOBAL_ACCENT_COLOR_NAME = AccentColor;
				CODE_SIGN_STYLE = Automatic;
				CURRENT_PROJECT_VERSION = 1;
				DEVELOPMENT_TEAM = S6GLZ5G87A;
				GENERATE_INFOPLIST_FILE = YES;
				INFOPLIST_FILE = "Code Auto Layout/Info.plist";
				INFOPLIST_KEY_UIApplicationSupportsIndirectInputEvents = YES;
				INFOPLIST_KEY_UILaunchStoryboardName = LaunchScreen;
				INFOPLIST_KEY_UIMainStoryboardFile = Main;
				INFOPLIST_KEY_UISupportedInterfaceOrientations_iPad = "UIInterfaceOrientationPortrait UIInterfaceOrientationPortraitUpsideDown UIInterfaceOrientationLandscapeLeft UIInterfaceOrientationLandscapeRight";
				INFOPLIST_KEY_UISupportedInterfaceOrientations_iPhone = "UIInterfaceOrientationPortrait UIInterfaceOrientationLandscapeLeft UIInterfaceOrientationLandscapeRight";
				LD_RUNPATH_SEARCH_PATHS = (
					"$(inherited)",
					"@executable_path/Frameworks",
				);
				MARKETING_VERSION = 1.0;
				PRODUCT_BUNDLE_IDENTIFIER = "com.gino.Code-Auto-Layout";
				PRODUCT_NAME = "$(TARGET_NAME)";
				SWIFT_EMIT_LOC_STRINGS = YES;
				SWIFT_VERSION = 5.0;
				TARGETED_DEVICE_FAMILY = "1,2";
			};
			name = Release;
		};
/* End XCBuildConfiguration section */

/* Begin XCConfigurationList section */
		44DB5EA12B2075C100AD3596 /* Build configuration list for PBXProject "Code Auto Layout" */ = {
			isa = XCConfigurationList;
			buildConfigurations = (
				44DB5EB82B2075C200AD3596 /* Debug */,
				44DB5EB92B2075C200AD3596 /* Release */,
			);
			defaultConfigurationIsVisible = 0;
			defaultConfigurationName = Release;
		};
		44DB5EBA2B2075C200AD3596 /* Build configuration list for PBXNativeTarget "Code Auto Layout" */ = {
			isa = XCConfigurationList;
			buildConfigurations = (
				44DB5EBB2B2075C200AD3596 /* Debug */,
				44DB5EBC2B2075C200AD3596 /* Release */,
			);
			defaultConfigurationIsVisible = 0;
			defaultConfigurationName = Release;
		};
/* End XCConfigurationList section */
	};
	rootObject = 44DB5E9E2B2075C100AD3596 /* Project object */;
}
